// !$*UTF8*$!
{
	archiveVersion = 1;
	classes = {
	};
	objectVersion = 46;
	objects = {

/* Begin PBXBuildFile section */
		849CD97F18C71C6C0089EB40 /* Foundation.framework in Frameworks */ = {isa = PBXBuildFile; fileRef = 849CD97E18C71C6C0089EB40 /* Foundation.framework */; };
		849CD98118C71C6C0089EB40 /* CoreGraphics.framework in Frameworks */ = {isa = PBXBuildFile; fileRef = 849CD98018C71C6C0089EB40 /* CoreGraphics.framework */; };
		849CD98318C71C6C0089EB40 /* UIKit.framework in Frameworks */ = {isa = PBXBuildFile; fileRef = 849CD98218C71C6C0089EB40 /* UIKit.framework */; };
		849CD98918C71C6C0089EB40 /* InfoPlist.strings in Resources */ = {isa = PBXBuildFile; fileRef = 849CD98718C71C6C0089EB40 /* InfoPlist.strings */; };
		849CD98B18C71C6C0089EB40 /* main.m in Sources */ = {isa = PBXBuildFile; fileRef = 849CD98A18C71C6C0089EB40 /* main.m */; };
		849CD98F18C71C6C0089EB40 /* TestAppAppDelegate.m in Sources */ = {isa = PBXBuildFile; fileRef = 849CD98E18C71C6C0089EB40 /* TestAppAppDelegate.m */; };
		849CD99218C71C6C0089EB40 /* Main.storyboard in Resources */ = {isa = PBXBuildFile; fileRef = 849CD99018C71C6C0089EB40 /* Main.storyboard */; };
		849CD99518C71C6C0089EB40 /* TestAppViewController.m in Sources */ = {isa = PBXBuildFile; fileRef = 849CD99418C71C6C0089EB40 /* TestAppViewController.m */; };
		849CD99718C71C6C0089EB40 /* Images.xcassets in Resources */ = {isa = PBXBuildFile; fileRef = 849CD99618C71C6C0089EB40 /* Images.xcassets */; };
		849CD99E18C71C6C0089EB40 /* XCTest.framework in Frameworks */ = {isa = PBXBuildFile; fileRef = 849CD99D18C71C6C0089EB40 /* XCTest.framework */; };
		849CD99F18C71C6C0089EB40 /* Foundation.framework in Frameworks */ = {isa = PBXBuildFile; fileRef = 849CD97E18C71C6C0089EB40 /* Foundation.framework */; };
		849CD9A018C71C6C0089EB40 /* UIKit.framework in Frameworks */ = {isa = PBXBuildFile; fileRef = 849CD98218C71C6C0089EB40 /* UIKit.framework */; };
		849CD9A818C71C6C0089EB40 /* InfoPlist.strings in Resources */ = {isa = PBXBuildFile; fileRef = 849CD9A618C71C6C0089EB40 /* InfoPlist.strings */; };
		849CD9AA18C71C6C0089EB40 /* TestAppTests.m in Sources */ = {isa = PBXBuildFile; fileRef = 849CD9A918C71C6C0089EB40 /* TestAppTests.m */; };
/* End PBXBuildFile section */

/* Begin PBXContainerItemProxy section */
		849CD9A118C71C6C0089EB40 /* PBXContainerItemProxy */ = {
			isa = PBXContainerItemProxy;
			containerPortal = 849CD97318C71C6C0089EB40 /* Project object */;
			proxyType = 1;
			remoteGlobalIDString = 849CD97A18C71C6C0089EB40;
			remoteInfo = TestApp;
		};
/* End PBXContainerItemProxy section */

/* Begin PBXFileReference section */
		849CD97B18C71C6C0089EB40 /* TestApp.app */ = {isa = PBXFileReference; explicitFileType = wrapper.application; includeInIndex = 0; path = TestApp.app; sourceTree = BUILT_PRODUCTS_DIR; };
		849CD97E18C71C6C0089EB40 /* Foundation.framework */ = {isa = PBXFileReference; lastKnownFileType = wrapper.framework; name = Foundation.framework; path = System/Library/Frameworks/Foundation.framework; sourceTree = SDKROOT; };
		849CD98018C71C6C0089EB40 /* CoreGraphics.framework */ = {isa = PBXFileReference; lastKnownFileType = wrapper.framework; name = CoreGraphics.framework; path = System/Library/Frameworks/CoreGraphics.framework; sourceTree = SDKROOT; };
		849CD98218C71C6C0089EB40 /* UIKit.framework */ = {isa = PBXFileReference; lastKnownFileType = wrapper.framework; name = UIKit.framework; path = System/Library/Frameworks/UIKit.framework; sourceTree = SDKROOT; };
		849CD98618C71C6C0089EB40 /* TestApp-Info.plist */ = {isa = PBXFileReference; lastKnownFileType = text.plist.xml; path = "TestApp-Info.plist"; sourceTree = "<group>"; };
		849CD98818C71C6C0089EB40 /* en */ = {isa = PBXFileReference; lastKnownFileType = text.plist.strings; name = en; path = en.lproj/InfoPlist.strings; sourceTree = "<group>"; };
		849CD98A18C71C6C0089EB40 /* main.m */ = {isa = PBXFileReference; lastKnownFileType = sourcecode.c.objc; path = main.m; sourceTree = "<group>"; };
		849CD98C18C71C6C0089EB40 /* TestApp-Prefix.pch */ = {isa = PBXFileReference; lastKnownFileType = sourcecode.c.h; path = "TestApp-Prefix.pch"; sourceTree = "<group>"; };
		849CD98D18C71C6C0089EB40 /* TestAppAppDelegate.h */ = {isa = PBXFileReference; lastKnownFileType = sourcecode.c.h; path = TestAppAppDelegate.h; sourceTree = "<group>"; };
		849CD98E18C71C6C0089EB40 /* TestAppAppDelegate.m */ = {isa = PBXFileReference; lastKnownFileType = sourcecode.c.objc; path = TestAppAppDelegate.m; sourceTree = "<group>"; };
		849CD99118C71C6C0089EB40 /* Base */ = {isa = PBXFileReference; lastKnownFileType = file.storyboard; name = Base; path = Base.lproj/Main.storyboard; sourceTree = "<group>"; };
		849CD99318C71C6C0089EB40 /* TestAppViewController.h */ = {isa = PBXFileReference; lastKnownFileType = sourcecode.c.h; path = TestAppViewController.h; sourceTree = "<group>"; };
		849CD99418C71C6C0089EB40 /* TestAppViewController.m */ = {isa = PBXFileReference; lastKnownFileType = sourcecode.c.objc; path = TestAppViewController.m; sourceTree = "<group>"; };
		849CD99618C71C6C0089EB40 /* Images.xcassets */ = {isa = PBXFileReference; lastKnownFileType = folder.assetcatalog; path = Images.xcassets; sourceTree = "<group>"; };
		849CD99C18C71C6C0089EB40 /* TestAppTests.xctest */ = {isa = PBXFileReference; explicitFileType = wrapper.cfbundle; includeInIndex = 0; path = TestAppTests.xctest; sourceTree = BUILT_PRODUCTS_DIR; };
		849CD99D18C71C6C0089EB40 /* XCTest.framework */ = {isa = PBXFileReference; lastKnownFileType = wrapper.framework; name = XCTest.framework; path = Library/Frameworks/XCTest.framework; sourceTree = DEVELOPER_DIR; };
		849CD9A518C71C6C0089EB40 /* TestAppTests-Info.plist */ = {isa = PBXFileReference; lastKnownFileType = text.plist.xml; path = "TestAppTests-Info.plist"; sourceTree = "<group>"; };
		849CD9A718C71C6C0089EB40 /* en */ = {isa = PBXFileReference; lastKnownFileType = text.plist.strings; name = en; path = en.lproj/InfoPlist.strings; sourceTree = "<group>"; };
		849CD9A918C71C6C0089EB40 /* TestAppTests.m */ = {isa = PBXFileReference; lastKnownFileType = sourcecode.c.objc; path = TestAppTests.m; sourceTree = "<group>"; };
/* End PBXFileReference section */

/* Begin PBXFrameworksBuildPhase section */
		849CD97818C71C6C0089EB40 /* Frameworks */ = {
			isa = PBXFrameworksBuildPhase;
			buildActionMask = 2147483647;
			files = (
				849CD98118C71C6C0089EB40 /* CoreGraphics.framework in Frameworks */,
				849CD98318C71C6C0089EB40 /* UIKit.framework in Frameworks */,
				849CD97F18C71C6C0089EB40 /* Foundation.framework in Frameworks */,
			);
			runOnlyForDeploymentPostprocessing = 0;
		};
		849CD99918C71C6C0089EB40 /* Frameworks */ = {
			isa = PBXFrameworksBuildPhase;
			buildActionMask = 2147483647;
			files = (
				849CD99E18C71C6C0089EB40 /* XCTest.framework in Frameworks */,
				849CD9A018C71C6C0089EB40 /* UIKit.framework in Frameworks */,
				849CD99F18C71C6C0089EB40 /* Foundation.framework in Frameworks */,
			);
			runOnlyForDeploymentPostprocessing = 0;
		};
/* End PBXFrameworksBuildPhase section */

/* Begin PBXGroup section */
		849CD97218C71C6C0089EB40 = {
			isa = PBXGroup;
			children = (
				849CD98418C71C6C0089EB40 /* TestApp */,
				849CD9A318C71C6C0089EB40 /* TestAppTests */,
				849CD97D18C71C6C0089EB40 /* Frameworks */,
				849CD97C18C71C6C0089EB40 /* Products */,
			);
			sourceTree = "<group>";
		};
		849CD97C18C71C6C0089EB40 /* Products */ = {
			isa = PBXGroup;
			children = (
				849CD97B18C71C6C0089EB40 /* TestApp.app */,
				849CD99C18C71C6C0089EB40 /* TestAppTests.xctest */,
			);
			name = Products;
			sourceTree = "<group>";
		};
		849CD97D18C71C6C0089EB40 /* Frameworks */ = {
			isa = PBXGroup;
			children = (
				849CD97E18C71C6C0089EB40 /* Foundation.framework */,
				849CD98018C71C6C0089EB40 /* CoreGraphics.framework */,
				849CD98218C71C6C0089EB40 /* UIKit.framework */,
				849CD99D18C71C6C0089EB40 /* XCTest.framework */,
			);
			name = Frameworks;
			sourceTree = "<group>";
		};
		849CD98418C71C6C0089EB40 /* TestApp */ = {
			isa = PBXGroup;
			children = (
				849CD98D18C71C6C0089EB40 /* TestAppAppDelegate.h */,
				849CD98E18C71C6C0089EB40 /* TestAppAppDelegate.m */,
				849CD99018C71C6C0089EB40 /* Main.storyboard */,
				849CD99318C71C6C0089EB40 /* TestAppViewController.h */,
				849CD99418C71C6C0089EB40 /* TestAppViewController.m */,
				849CD99618C71C6C0089EB40 /* Images.xcassets */,
				849CD98518C71C6C0089EB40 /* Supporting Files */,
			);
			path = TestApp;
			sourceTree = "<group>";
		};
		849CD98518C71C6C0089EB40 /* Supporting Files */ = {
			isa = PBXGroup;
			children = (
				849CD98618C71C6C0089EB40 /* TestApp-Info.plist */,
				849CD98718C71C6C0089EB40 /* InfoPlist.strings */,
				849CD98A18C71C6C0089EB40 /* main.m */,
				849CD98C18C71C6C0089EB40 /* TestApp-Prefix.pch */,
			);
			name = "Supporting Files";
			sourceTree = "<group>";
		};
		849CD9A318C71C6C0089EB40 /* TestAppTests */ = {
			isa = PBXGroup;
			children = (
				849CD9A918C71C6C0089EB40 /* TestAppTests.m */,
				849CD9A418C71C6C0089EB40 /* Supporting Files */,
			);
			path = TestAppTests;
			sourceTree = "<group>";
		};
		849CD9A418C71C6C0089EB40 /* Supporting Files */ = {
			isa = PBXGroup;
			children = (
				849CD9A518C71C6C0089EB40 /* TestAppTests-Info.plist */,
				849CD9A618C71C6C0089EB40 /* InfoPlist.strings */,
			);
			name = "Supporting Files";
			sourceTree = "<group>";
		};
/* End PBXGroup section */

/* Begin PBXNativeTarget section */
		849CD97A18C71C6C0089EB40 /* TestApp */ = {
			isa = PBXNativeTarget;
			buildConfigurationList = 849CD9AD18C71C6C0089EB40 /* Build configuration list for PBXNativeTarget "TestApp" */;
			buildPhases = (
				849CD97718C71C6C0089EB40 /* Sources */,
				849CD97818C71C6C0089EB40 /* Frameworks */,
				849CD97918C71C6C0089EB40 /* Resources */,
			);
			buildRules = (
			);
			dependencies = (
			);
			name = TestApp;
			productName = TestApp;
			productReference = 849CD97B18C71C6C0089EB40 /* TestApp.app */;
			productType = "com.apple.product-type.application";
		};
		849CD99B18C71C6C0089EB40 /* TestAppTests */ = {
			isa = PBXNativeTarget;
			buildConfigurationList = 849CD9B018C71C6C0089EB40 /* Build configuration list for PBXNativeTarget "TestAppTests" */;
			buildPhases = (
				849CD99818C71C6C0089EB40 /* Sources */,
				849CD99918C71C6C0089EB40 /* Frameworks */,
				849CD99A18C71C6C0089EB40 /* Resources */,
			);
			buildRules = (
			);
			dependencies = (
				849CD9A218C71C6C0089EB40 /* PBXTargetDependency */,
			);
			name = TestAppTests;
			productName = TestAppTests;
			productReference = 849CD99C18C71C6C0089EB40 /* TestAppTests.xctest */;
			productType = "com.apple.product-type.bundle.unit-test";
		};
/* End PBXNativeTarget section */

/* Begin PBXProject section */
		849CD97318C71C6C0089EB40 /* Project object */ = {
			isa = PBXProject;
			attributes = {
				CLASSPREFIX = TestApp;
				LastUpgradeCheck = 0500;
				ORGANIZATIONNAME = "Ming-Zhe";
				TargetAttributes = {
					849CD99B18C71C6C0089EB40 = {
						TestTargetID = 849CD97A18C71C6C0089EB40;
					};
				};
			};
			buildConfigurationList = 849CD97618C71C6C0089EB40 /* Build configuration list for PBXProject "TestApp" */;
			compatibilityVersion = "Xcode 3.2";
			developmentRegion = English;
			hasScannedForEncodings = 0;
			knownRegions = (
				en,
				Base,
			);
			mainGroup = 849CD97218C71C6C0089EB40;
			productRefGroup = 849CD97C18C71C6C0089EB40 /* Products */;
			projectDirPath = "";
			projectRoot = "";
			targets = (
				849CD97A18C71C6C0089EB40 /* TestApp */,
				849CD99B18C71C6C0089EB40 /* TestAppTests */,
			);
		};
/* End PBXProject section */

/* Begin PBXResourcesBuildPhase section */
		849CD97918C71C6C0089EB40 /* Resources */ = {
			isa = PBXResourcesBuildPhase;
			buildActionMask = 2147483647;
			files = (
				849CD99718C71C6C0089EB40 /* Images.xcassets in Resources */,
				849CD98918C71C6C0089EB40 /* InfoPlist.strings in Resources */,
				849CD99218C71C6C0089EB40 /* Main.storyboard in Resources */,
			);
			runOnlyForDeploymentPostprocessing = 0;
		};
		849CD99A18C71C6C0089EB40 /* Resources */ = {
			isa = PBXResourcesBuildPhase;
			buildActionMask = 2147483647;
			files = (
				849CD9A818C71C6C0089EB40 /* InfoPlist.strings in Resources */,
			);
			runOnlyForDeploymentPostprocessing = 0;
		};
/* End PBXResourcesBuildPhase section */

/* Begin PBXSourcesBuildPhase section */
		849CD97718C71C6C0089EB40 /* Sources */ = {
			isa = PBXSourcesBuildPhase;
			buildActionMask = 2147483647;
			files = (
				849CD98F18C71C6C0089EB40 /* TestAppAppDelegate.m in Sources */,
				849CD98B18C71C6C0089EB40 /* main.m in Sources */,
				849CD99518C71C6C0089EB40 /* TestAppViewController.m in Sources */,
			);
			runOnlyForDeploymentPostprocessing = 0;
		};
		849CD99818C71C6C0089EB40 /* Sources */ = {
			isa = PBXSourcesBuildPhase;
			buildActionMask = 2147483647;
			files = (
				849CD9AA18C71C6C0089EB40 /* TestAppTests.m in Sources */,
			);
			runOnlyForDeploymentPostprocessing = 0;
		};
/* End PBXSourcesBuildPhase section */

/* Begin PBXTargetDependency section */
		849CD9A218C71C6C0089EB40 /* PBXTargetDependency */ = {
			isa = PBXTargetDependency;
			target = 849CD97A18C71C6C0089EB40 /* TestApp */;
			targetProxy = 849CD9A118C71C6C0089EB40 /* PBXContainerItemProxy */;
		};
/* End PBXTargetDependency section */

/* Begin PBXVariantGroup section */
		849CD98718C71C6C0089EB40 /* InfoPlist.strings */ = {
			isa = PBXVariantGroup;
			children = (
				849CD98818C71C6C0089EB40 /* en */,
			);
			name = InfoPlist.strings;
			sourceTree = "<group>";
		};
		849CD99018C71C6C0089EB40 /* Main.storyboard */ = {
			isa = PBXVariantGroup;
			children = (
				849CD99118C71C6C0089EB40 /* Base */,
			);
			name = Main.storyboard;
			sourceTree = "<group>";
		};
		849CD9A618C71C6C0089EB40 /* InfoPlist.strings */ = {
			isa = PBXVariantGroup;
			children = (
				849CD9A718C71C6C0089EB40 /* en */,
			);
			name = InfoPlist.strings;
			sourceTree = "<group>";
		};
/* End PBXVariantGroup section */

/* Begin XCBuildConfiguration section */
		849CD9AB18C71C6C0089EB40 /* Debug */ = {
			isa = XCBuildConfiguration;
			buildSettings = {
				ALWAYS_SEARCH_USER_PATHS = NO;
				ARCHS = "$(ARCHS_STANDARD_INCLUDING_64_BIT)";
				CLANG_CXX_LANGUAGE_STANDARD = "gnu++0x";
				CLANG_CXX_LIBRARY = "libc++";
				CLANG_ENABLE_MODULES = YES;
				CLANG_ENABLE_OBJC_ARC = YES;
				CLANG_WARN_BOOL_CONVERSION = YES;
				CLANG_WARN_CONSTANT_CONVERSION = YES;
				CLANG_WARN_DIRECT_OBJC_ISA_USAGE = YES_ERROR;
				CLANG_WARN_EMPTY_BODY = YES;
				CLANG_WARN_ENUM_CONVERSION = YES;
				CLANG_WARN_INT_CONVERSION = YES;
				CLANG_WARN_OBJC_ROOT_CLASS = YES_ERROR;
				CLANG_WARN__DUPLICATE_METHOD_MATCH = YES;
				"CODE_SIGN_IDENTITY[sdk=iphoneos*]" = "iPhone Developer";
				COPY_PHASE_STRIP = NO;
				GCC_C_LANGUAGE_STANDARD = gnu99;
				GCC_DYNAMIC_NO_PIC = NO;
				GCC_OPTIMIZATION_LEVEL = 0;
				GCC_PREPROCESSOR_DEFINITIONS = (
					"DEBUG=1",
					"$(inherited)",
				);
				GCC_SYMBOLS_PRIVATE_EXTERN = NO;
				GCC_WARN_64_TO_32_BIT_CONVERSION = YES;
				GCC_WARN_ABOUT_RETURN_TYPE = YES_ERROR;
				GCC_WARN_UNDECLARED_SELECTOR = YES;
				GCC_WARN_UNINITIALIZED_AUTOS = YES;
				GCC_WARN_UNUSED_FUNCTION = YES;
				GCC_WARN_UNUSED_VARIABLE = YES;
				IPHONEOS_DEPLOYMENT_TARGET = 7.0;
				ONLY_ACTIVE_ARCH = YES;
				SDKROOT = iphoneos;
			};
			name = Debug;
		};
		849CD9AC18C71C6C0089EB40 /* Release */ = {
			isa = XCBuildConfiguration;
			buildSettings = {
				ALWAYS_SEARCH_USER_PATHS = NO;
				ARCHS = "$(ARCHS_STANDARD_INCLUDING_64_BIT)";
				CLANG_CXX_LANGUAGE_STANDARD = "gnu++0x";
				CLANG_CXX_LIBRARY = "libc++";
				CLANG_ENABLE_MODULES = YES;
				CLANG_ENABLE_OBJC_ARC = YES;
				CLANG_WARN_BOOL_CONVERSION = YES;
				CLANG_WARN_CONSTANT_CONVERSION = YES;
				CLANG_WARN_DIRECT_OBJC_ISA_USAGE = YES_ERROR;
				CLANG_WARN_EMPTY_BODY = YES;
				CLANG_WARN_ENUM_CONVERSION = YES;
				CLANG_WARN_INT_CONVERSION = YES;
				CLANG_WARN_OBJC_ROOT_CLASS = YES_ERROR;
				CLANG_WARN__DUPLICATE_METHOD_MATCH = YES;
				"CODE_SIGN_IDENTITY[sdk=iphoneos*]" = "iPhone Developer";
				COPY_PHASE_STRIP = YES;
				ENABLE_NS_ASSERTIONS = NO;
				GCC_C_LANGUAGE_STANDARD = gnu99;
				GCC_WARN_64_TO_32_BIT_CONVERSION = YES;
				GCC_WARN_ABOUT_RETURN_TYPE = YES_ERROR;
				GCC_WARN_UNDECLARED_SELECTOR = YES;
				GCC_WARN_UNINITIALIZED_AUTOS = YES;
				GCC_WARN_UNUSED_FUNCTION = YES;
				GCC_WARN_UNUSED_VARIABLE = YES;
				IPHONEOS_DEPLOYMENT_TARGET = 7.0;
				SDKROOT = iphoneos;
				VALIDATE_PRODUCT = YES;
			};
			name = Release;
		};
		849CD9AE18C71C6C0089EB40 /* Debug */ = {
			isa = XCBuildConfiguration;
			buildSettings = {
				ASSETCATALOG_COMPILER_APPICON_NAME = AppIcon;
				ASSETCATALOG_COMPILER_LAUNCHIMAGE_NAME = LaunchImage;
				GCC_PRECOMPILE_PREFIX_HEADER = YES;
				GCC_PREFIX_HEADER = "TestApp/TestApp-Prefix.pch";
				INFOPLIST_FILE = "TestApp/TestApp-Info.plist";
				PRODUCT_NAME = "$(TARGET_NAME)";
				WRAPPER_EXTENSION = app;
			};
			name = Debug;
		};
		849CD9AF18C71C6C0089EB40 /* Release */ = {
			isa = XCBuildConfiguration;
			buildSettings = {
				ASSETCATALOG_COMPILER_APPICON_NAME = AppIcon;
				ASSETCATALOG_COMPILER_LAUNCHIMAGE_NAME = LaunchImage;
				GCC_PRECOMPILE_PREFIX_HEADER = YES;
				GCC_PREFIX_HEADER = "TestApp/TestApp-Prefix.pch";
				INFOPLIST_FILE = "TestApp/TestApp-Info.plist";
				PRODUCT_NAME = "$(TARGET_NAME)";
				WRAPPER_EXTENSION = app;
			};
			name = Release;
		};
		849CD9B118C71C6C0089EB40 /* Debug */ = {
			isa = XCBuildConfiguration;
			buildSettings = {
				ARCHS = "$(ARCHS_STANDARD_INCLUDING_64_BIT)";
				BUNDLE_LOADER = "$(BUILT_PRODUCTS_DIR)/TestApp.app/TestApp";
				FRAMEWORK_SEARCH_PATHS = (
					"$(SDKROOT)/Developer/Library/Frameworks",
					"$(inherited)",
					"$(DEVELOPER_FRAMEWORKS_DIR)",
				);
				GCC_PRECOMPILE_PREFIX_HEADER = YES;
				GCC_PREFIX_HEADER = "TestApp/TestApp-Prefix.pch";
				GCC_PREPROCESSOR_DEFINITIONS = (
					"DEBUG=1",
					"$(inherited)",
				);
				INFOPLIST_FILE = "TestAppTests/TestAppTests-Info.plist";
				PRODUCT_NAME = "$(TARGET_NAME)";
				TEST_HOST = "$(BUNDLE_LOADER)";
				WRAPPER_EXTENSION = xctest;
			};
			name = Debug;
		};
		849CD9B218C71C6C0089EB40 /* Release */ = {
			isa = XCBuildConfiguration;
			buildSettings = {
				ARCHS = "$(ARCHS_STANDARD_INCLUDING_64_BIT)";
				BUNDLE_LOADER = "$(BUILT_PRODUCTS_DIR)/TestApp.app/TestApp";
				FRAMEWORK_SEARCH_PATHS = (
					"$(SDKROOT)/Developer/Library/Frameworks",
					"$(inherited)",
					"$(DEVELOPER_FRAMEWORKS_DIR)",
				);
				GCC_PRECOMPILE_PREFIX_HEADER = YES;
				GCC_PREFIX_HEADER = "TestApp/TestApp-Prefix.pch";
				INFOPLIST_FILE = "TestAppTests/TestAppTests-Info.plist";
				PRODUCT_NAME = "$(TARGET_NAME)";
				TEST_HOST = "$(BUNDLE_LOADER)";
				WRAPPER_EXTENSION = xctest;
			};
			name = Release;
		};
/* End XCBuildConfiguration section */

/* Begin XCConfigurationList section */
		849CD97618C71C6C0089EB40 /* Build configuration list for PBXProject "TestApp" */ = {
			isa = XCConfigurationList;
			buildConfigurations = (
				849CD9AB18C71C6C0089EB40 /* Debug */,
				849CD9AC18C71C6C0089EB40 /* Release */,
			);
			defaultConfigurationIsVisible = 0;
			defaultConfigurationName = Release;
		};
		849CD9AD18C71C6C0089EB40 /* Build configuration list for PBXNativeTarget "TestApp" */ = {
			isa = XCConfigurationList;
			buildConfigurations = (
				849CD9AE18C71C6C0089EB40 /* Debug */,
				849CD9AF18C71C6C0089EB40 /* Release */,
			);
			defaultConfigurationIsVisible = 0;
		};
		849CD9B018C71C6C0089EB40 /* Build configuration list for PBXNativeTarget "TestAppTests" */ = {
			isa = XCConfigurationList;
			buildConfigurations = (
				849CD9B118C71C6C0089EB40 /* Debug */,
				849CD9B218C71C6C0089EB40 /* Release */,
			);
			defaultConfigurationIsVisible = 0;
		};
/* End XCConfigurationList section */
	};
	rootObject = 849CD97318C71C6C0089EB40 /* Project object */;
}
