// !$*UTF8*$!
{
	archiveVersion = 1;
	classes = {
	};
	objectVersion = 46;
	objects = {

/* Begin PBXBuildFile section */
		84C7F08D1913387400813B08 /* Foundation.framework in Frameworks */ = {isa = PBXBuildFile; fileRef = 84C7F08C1913387400813B08 /* Foundation.framework */; };
		84C7F08F1913387400813B08 /* CoreGraphics.framework in Frameworks */ = {isa = PBXBuildFile; fileRef = 84C7F08E1913387400813B08 /* CoreGraphics.framework */; };
		84C7F0911913387400813B08 /* UIKit.framework in Frameworks */ = {isa = PBXBuildFile; fileRef = 84C7F0901913387400813B08 /* UIKit.framework */; };
		84C7F0971913387400813B08 /* InfoPlist.strings in Resources */ = {isa = PBXBuildFile; fileRef = 84C7F0951913387400813B08 /* InfoPlist.strings */; };
		84C7F0991913387400813B08 /* main.m in Sources */ = {isa = PBXBuildFile; fileRef = 84C7F0981913387400813B08 /* main.m */; };
		84C7F09D1913387400813B08 /* PBAppDelegate.m in Sources */ = {isa = PBXBuildFile; fileRef = 84C7F09C1913387400813B08 /* PBAppDelegate.m */; };
		84C7F0A01913387400813B08 /* Main.storyboard in Resources */ = {isa = PBXBuildFile; fileRef = 84C7F09E1913387400813B08 /* Main.storyboard */; };
		84C7F0A31913387400813B08 /* PBViewController.m in Sources */ = {isa = PBXBuildFile; fileRef = 84C7F0A21913387400813B08 /* PBViewController.m */; };
		84C7F0A51913387400813B08 /* Images.xcassets in Resources */ = {isa = PBXBuildFile; fileRef = 84C7F0A41913387400813B08 /* Images.xcassets */; };
		84C7F0AC1913387400813B08 /* XCTest.framework in Frameworks */ = {isa = PBXBuildFile; fileRef = 84C7F0AB1913387400813B08 /* XCTest.framework */; };
		84C7F0AD1913387400813B08 /* Foundation.framework in Frameworks */ = {isa = PBXBuildFile; fileRef = 84C7F08C1913387400813B08 /* Foundation.framework */; };
		84C7F0AE1913387400813B08 /* UIKit.framework in Frameworks */ = {isa = PBXBuildFile; fileRef = 84C7F0901913387400813B08 /* UIKit.framework */; };
		84C7F0B61913387400813B08 /* InfoPlist.strings in Resources */ = {isa = PBXBuildFile; fileRef = 84C7F0B41913387400813B08 /* InfoPlist.strings */; };
		84C7F0B81913387400813B08 /* PorgressBarTests.m in Sources */ = {isa = PBXBuildFile; fileRef = 84C7F0B71913387400813B08 /* PorgressBarTests.m */; };
/* End PBXBuildFile section */

/* Begin PBXContainerItemProxy section */
		84C7F0AF1913387400813B08 /* PBXContainerItemProxy */ = {
			isa = PBXContainerItemProxy;
			containerPortal = 84C7F0811913387400813B08 /* Project object */;
			proxyType = 1;
			remoteGlobalIDString = 84C7F0881913387400813B08;
			remoteInfo = PorgressBar;
		};
/* End PBXContainerItemProxy section */

/* Begin PBXFileReference section */
		84C7F0891913387400813B08 /* PorgressBar.app */ = {isa = PBXFileReference; explicitFileType = wrapper.application; includeInIndex = 0; path = PorgressBar.app; sourceTree = BUILT_PRODUCTS_DIR; };
		84C7F08C1913387400813B08 /* Foundation.framework */ = {isa = PBXFileReference; lastKnownFileType = wrapper.framework; name = Foundation.framework; path = System/Library/Frameworks/Foundation.framework; sourceTree = SDKROOT; };
		84C7F08E1913387400813B08 /* CoreGraphics.framework */ = {isa = PBXFileReference; lastKnownFileType = wrapper.framework; name = CoreGraphics.framework; path = System/Library/Frameworks/CoreGraphics.framework; sourceTree = SDKROOT; };
		84C7F0901913387400813B08 /* UIKit.framework */ = {isa = PBXFileReference; lastKnownFileType = wrapper.framework; name = UIKit.framework; path = System/Library/Frameworks/UIKit.framework; sourceTree = SDKROOT; };
		84C7F0941913387400813B08 /* PorgressBar-Info.plist */ = {isa = PBXFileReference; lastKnownFileType = text.plist.xml; path = "PorgressBar-Info.plist"; sourceTree = "<group>"; };
		84C7F0961913387400813B08 /* en */ = {isa = PBXFileReference; lastKnownFileType = text.plist.strings; name = en; path = en.lproj/InfoPlist.strings; sourceTree = "<group>"; };
		84C7F0981913387400813B08 /* main.m */ = {isa = PBXFileReference; lastKnownFileType = sourcecode.c.objc; path = main.m; sourceTree = "<group>"; };
		84C7F09A1913387400813B08 /* PorgressBar-Prefix.pch */ = {isa = PBXFileReference; lastKnownFileType = sourcecode.c.h; path = "PorgressBar-Prefix.pch"; sourceTree = "<group>"; };
		84C7F09B1913387400813B08 /* PBAppDelegate.h */ = {isa = PBXFileReference; lastKnownFileType = sourcecode.c.h; path = PBAppDelegate.h; sourceTree = "<group>"; };
		84C7F09C1913387400813B08 /* PBAppDelegate.m */ = {isa = PBXFileReference; lastKnownFileType = sourcecode.c.objc; path = PBAppDelegate.m; sourceTree = "<group>"; };
		84C7F09F1913387400813B08 /* Base */ = {isa = PBXFileReference; lastKnownFileType = file.storyboard; name = Base; path = Base.lproj/Main.storyboard; sourceTree = "<group>"; };
		84C7F0A11913387400813B08 /* PBViewController.h */ = {isa = PBXFileReference; lastKnownFileType = sourcecode.c.h; path = PBViewController.h; sourceTree = "<group>"; };
		84C7F0A21913387400813B08 /* PBViewController.m */ = {isa = PBXFileReference; lastKnownFileType = sourcecode.c.objc; path = PBViewController.m; sourceTree = "<group>"; };
		84C7F0A41913387400813B08 /* Images.xcassets */ = {isa = PBXFileReference; lastKnownFileType = folder.assetcatalog; path = Images.xcassets; sourceTree = "<group>"; };
		84C7F0AA1913387400813B08 /* PorgressBarTests.xctest */ = {isa = PBXFileReference; explicitFileType = wrapper.cfbundle; includeInIndex = 0; path = PorgressBarTests.xctest; sourceTree = BUILT_PRODUCTS_DIR; };
		84C7F0AB1913387400813B08 /* XCTest.framework */ = {isa = PBXFileReference; lastKnownFileType = wrapper.framework; name = XCTest.framework; path = Library/Frameworks/XCTest.framework; sourceTree = DEVELOPER_DIR; };
		84C7F0B31913387400813B08 /* PorgressBarTests-Info.plist */ = {isa = PBXFileReference; lastKnownFileType = text.plist.xml; path = "PorgressBarTests-Info.plist"; sourceTree = "<group>"; };
		84C7F0B51913387400813B08 /* en */ = {isa = PBXFileReference; lastKnownFileType = text.plist.strings; name = en; path = en.lproj/InfoPlist.strings; sourceTree = "<group>"; };
		84C7F0B71913387400813B08 /* PorgressBarTests.m */ = {isa = PBXFileReference; lastKnownFileType = sourcecode.c.objc; path = PorgressBarTests.m; sourceTree = "<group>"; };
/* End PBXFileReference section */

/* Begin PBXFrameworksBuildPhase section */
		84C7F0861913387400813B08 /* Frameworks */ = {
			isa = PBXFrameworksBuildPhase;
			buildActionMask = 2147483647;
			files = (
				84C7F08F1913387400813B08 /* CoreGraphics.framework in Frameworks */,
				84C7F0911913387400813B08 /* UIKit.framework in Frameworks */,
				84C7F08D1913387400813B08 /* Foundation.framework in Frameworks */,
			);
			runOnlyForDeploymentPostprocessing = 0;
		};
		84C7F0A71913387400813B08 /* Frameworks */ = {
			isa = PBXFrameworksBuildPhase;
			buildActionMask = 2147483647;
			files = (
				84C7F0AC1913387400813B08 /* XCTest.framework in Frameworks */,
				84C7F0AE1913387400813B08 /* UIKit.framework in Frameworks */,
				84C7F0AD1913387400813B08 /* Foundation.framework in Frameworks */,
			);
			runOnlyForDeploymentPostprocessing = 0;
		};
/* End PBXFrameworksBuildPhase section */

/* Begin PBXGroup section */
		84C7F0801913387400813B08 = {
			isa = PBXGroup;
			children = (
				84C7F0921913387400813B08 /* PorgressBar */,
				84C7F0B11913387400813B08 /* PorgressBarTests */,
				84C7F08B1913387400813B08 /* Frameworks */,
				84C7F08A1913387400813B08 /* Products */,
			);
			sourceTree = "<group>";
		};
		84C7F08A1913387400813B08 /* Products */ = {
			isa = PBXGroup;
			children = (
				84C7F0891913387400813B08 /* PorgressBar.app */,
				84C7F0AA1913387400813B08 /* PorgressBarTests.xctest */,
			);
			name = Products;
			sourceTree = "<group>";
		};
		84C7F08B1913387400813B08 /* Frameworks */ = {
			isa = PBXGroup;
			children = (
				84C7F08C1913387400813B08 /* Foundation.framework */,
				84C7F08E1913387400813B08 /* CoreGraphics.framework */,
				84C7F0901913387400813B08 /* UIKit.framework */,
				84C7F0AB1913387400813B08 /* XCTest.framework */,
			);
			name = Frameworks;
			sourceTree = "<group>";
		};
		84C7F0921913387400813B08 /* PorgressBar */ = {
			isa = PBXGroup;
			children = (
				84C7F09B1913387400813B08 /* PBAppDelegate.h */,
				84C7F09C1913387400813B08 /* PBAppDelegate.m */,
				84C7F09E1913387400813B08 /* Main.storyboard */,
				84C7F0A11913387400813B08 /* PBViewController.h */,
				84C7F0A21913387400813B08 /* PBViewController.m */,
				84C7F0A41913387400813B08 /* Images.xcassets */,
				84C7F0931913387400813B08 /* Supporting Files */,
			);
			path = PorgressBar;
			sourceTree = "<group>";
		};
		84C7F0931913387400813B08 /* Supporting Files */ = {
			isa = PBXGroup;
			children = (
				84C7F0941913387400813B08 /* PorgressBar-Info.plist */,
				84C7F0951913387400813B08 /* InfoPlist.strings */,
				84C7F0981913387400813B08 /* main.m */,
				84C7F09A1913387400813B08 /* PorgressBar-Prefix.pch */,
			);
			name = "Supporting Files";
			sourceTree = "<group>";
		};
		84C7F0B11913387400813B08 /* PorgressBarTests */ = {
			isa = PBXGroup;
			children = (
				84C7F0B71913387400813B08 /* PorgressBarTests.m */,
				84C7F0B21913387400813B08 /* Supporting Files */,
			);
			path = PorgressBarTests;
			sourceTree = "<group>";
		};
		84C7F0B21913387400813B08 /* Supporting Files */ = {
			isa = PBXGroup;
			children = (
				84C7F0B31913387400813B08 /* PorgressBarTests-Info.plist */,
				84C7F0B41913387400813B08 /* InfoPlist.strings */,
			);
			name = "Supporting Files";
			sourceTree = "<group>";
		};
/* End PBXGroup section */

/* Begin PBXNativeTarget section */
		84C7F0881913387400813B08 /* PorgressBar */ = {
			isa = PBXNativeTarget;
			buildConfigurationList = 84C7F0BB1913387400813B08 /* Build configuration list for PBXNativeTarget "PorgressBar" */;
			buildPhases = (
				84C7F0851913387400813B08 /* Sources */,
				84C7F0861913387400813B08 /* Frameworks */,
				84C7F0871913387400813B08 /* Resources */,
			);
			buildRules = (
			);
			dependencies = (
			);
			name = PorgressBar;
			productName = PorgressBar;
			productReference = 84C7F0891913387400813B08 /* PorgressBar.app */;
			productType = "com.apple.product-type.application";
		};
		84C7F0A91913387400813B08 /* PorgressBarTests */ = {
			isa = PBXNativeTarget;
			buildConfigurationList = 84C7F0BE1913387400813B08 /* Build configuration list for PBXNativeTarget "PorgressBarTests" */;
			buildPhases = (
				84C7F0A61913387400813B08 /* Sources */,
				84C7F0A71913387400813B08 /* Frameworks */,
				84C7F0A81913387400813B08 /* Resources */,
			);
			buildRules = (
			);
			dependencies = (
				84C7F0B01913387400813B08 /* PBXTargetDependency */,
			);
			name = PorgressBarTests;
			productName = PorgressBarTests;
			productReference = 84C7F0AA1913387400813B08 /* PorgressBarTests.xctest */;
			productType = "com.apple.product-type.bundle.unit-test";
		};
/* End PBXNativeTarget section */

/* Begin PBXProject section */
		84C7F0811913387400813B08 /* Project object */ = {
			isa = PBXProject;
			attributes = {
				CLASSPREFIX = PB;
				LastUpgradeCheck = 0510;
				ORGANIZATIONNAME = "Ming-Zhe";
				TargetAttributes = {
					84C7F0A91913387400813B08 = {
						TestTargetID = 84C7F0881913387400813B08;
					};
				};
			};
			buildConfigurationList = 84C7F0841913387400813B08 /* Build configuration list for PBXProject "PorgressBar" */;
			compatibilityVersion = "Xcode 3.2";
			developmentRegion = English;
			hasScannedForEncodings = 0;
			knownRegions = (
				en,
				Base,
			);
			mainGroup = 84C7F0801913387400813B08;
			productRefGroup = 84C7F08A1913387400813B08 /* Products */;
			projectDirPath = "";
			projectRoot = "";
			targets = (
				84C7F0881913387400813B08 /* PorgressBar */,
				84C7F0A91913387400813B08 /* PorgressBarTests */,
			);
		};
/* End PBXProject section */

/* Begin PBXResourcesBuildPhase section */
		84C7F0871913387400813B08 /* Resources */ = {
			isa = PBXResourcesBuildPhase;
			buildActionMask = 2147483647;
			files = (
				84C7F0A51913387400813B08 /* Images.xcassets in Resources */,
				84C7F0971913387400813B08 /* InfoPlist.strings in Resources */,
				84C7F0A01913387400813B08 /* Main.storyboard in Resources */,
			);
			runOnlyForDeploymentPostprocessing = 0;
		};
		84C7F0A81913387400813B08 /* Resources */ = {
			isa = PBXResourcesBuildPhase;
			buildActionMask = 2147483647;
			files = (
				84C7F0B61913387400813B08 /* InfoPlist.strings in Resources */,
			);
			runOnlyForDeploymentPostprocessing = 0;
		};
/* End PBXResourcesBuildPhase section */

/* Begin PBXSourcesBuildPhase section */
		84C7F0851913387400813B08 /* Sources */ = {
			isa = PBXSourcesBuildPhase;
			buildActionMask = 2147483647;
			files = (
				84C7F09D1913387400813B08 /* PBAppDelegate.m in Sources */,
				84C7F0A31913387400813B08 /* PBViewController.m in Sources */,
				84C7F0991913387400813B08 /* main.m in Sources */,
			);
			runOnlyForDeploymentPostprocessing = 0;
		};
		84C7F0A61913387400813B08 /* Sources */ = {
			isa = PBXSourcesBuildPhase;
			buildActionMask = 2147483647;
			files = (
				84C7F0B81913387400813B08 /* PorgressBarTests.m in Sources */,
			);
			runOnlyForDeploymentPostprocessing = 0;
		};
/* End PBXSourcesBuildPhase section */

/* Begin PBXTargetDependency section */
		84C7F0B01913387400813B08 /* PBXTargetDependency */ = {
			isa = PBXTargetDependency;
			target = 84C7F0881913387400813B08 /* PorgressBar */;
			targetProxy = 84C7F0AF1913387400813B08 /* PBXContainerItemProxy */;
		};
/* End PBXTargetDependency section */

/* Begin PBXVariantGroup section */
		84C7F0951913387400813B08 /* InfoPlist.strings */ = {
			isa = PBXVariantGroup;
			children = (
				84C7F0961913387400813B08 /* en */,
			);
			name = InfoPlist.strings;
			sourceTree = "<group>";
		};
		84C7F09E1913387400813B08 /* Main.storyboard */ = {
			isa = PBXVariantGroup;
			children = (
				84C7F09F1913387400813B08 /* Base */,
			);
			name = Main.storyboard;
			sourceTree = "<group>";
		};
		84C7F0B41913387400813B08 /* InfoPlist.strings */ = {
			isa = PBXVariantGroup;
			children = (
				84C7F0B51913387400813B08 /* en */,
			);
			name = InfoPlist.strings;
			sourceTree = "<group>";
		};
/* End PBXVariantGroup section */

/* Begin XCBuildConfiguration section */
		84C7F0B91913387400813B08 /* Debug */ = {
			isa = XCBuildConfiguration;
			buildSettings = {
				ALWAYS_SEARCH_USER_PATHS = NO;
				CLANG_CXX_LANGUAGE_STANDARD = "gnu++0x";
				CLANG_CXX_LIBRARY = "libc++";
				CLANG_ENABLE_MODULES = YES;
				CLANG_ENABLE_OBJC_ARC = YES;
				CLANG_WARN_BOOL_CONVERSION = YES;
				CLANG_WARN_CONSTANT_CONVERSION = YES;
				CLANG_WARN_DIRECT_OBJC_ISA_USAGE = YES_ERROR;
				CLANG_WARN_EMPTY_BODY = YES;
				CLANG_WARN_ENUM_CONVERSION = YES;
				CLANG_WARN_INT_CONVERSION = YES;
				CLANG_WARN_OBJC_ROOT_CLASS = YES_ERROR;
				CLANG_WARN__DUPLICATE_METHOD_MATCH = YES;
				"CODE_SIGN_IDENTITY[sdk=iphoneos*]" = "iPhone Developer";
				COPY_PHASE_STRIP = NO;
				GCC_C_LANGUAGE_STANDARD = gnu99;
				GCC_DYNAMIC_NO_PIC = NO;
				GCC_OPTIMIZATION_LEVEL = 0;
				GCC_PREPROCESSOR_DEFINITIONS = (
					"DEBUG=1",
					"$(inherited)",
				);
				GCC_SYMBOLS_PRIVATE_EXTERN = NO;
				GCC_WARN_64_TO_32_BIT_CONVERSION = YES;
				GCC_WARN_ABOUT_RETURN_TYPE = YES_ERROR;
				GCC_WARN_UNDECLARED_SELECTOR = YES;
				GCC_WARN_UNINITIALIZED_AUTOS = YES_AGGRESSIVE;
				GCC_WARN_UNUSED_FUNCTION = YES;
				GCC_WARN_UNUSED_VARIABLE = YES;
				IPHONEOS_DEPLOYMENT_TARGET = 7.1;
				ONLY_ACTIVE_ARCH = YES;
				SDKROOT = iphoneos;
			};
			name = Debug;
		};
		84C7F0BA1913387400813B08 /* Release */ = {
			isa = XCBuildConfiguration;
			buildSettings = {
				ALWAYS_SEARCH_USER_PATHS = NO;
				CLANG_CXX_LANGUAGE_STANDARD = "gnu++0x";
				CLANG_CXX_LIBRARY = "libc++";
				CLANG_ENABLE_MODULES = YES;
				CLANG_ENABLE_OBJC_ARC = YES;
				CLANG_WARN_BOOL_CONVERSION = YES;
				CLANG_WARN_CONSTANT_CONVERSION = YES;
				CLANG_WARN_DIRECT_OBJC_ISA_USAGE = YES_ERROR;
				CLANG_WARN_EMPTY_BODY = YES;
				CLANG_WARN_ENUM_CONVERSION = YES;
				CLANG_WARN_INT_CONVERSION = YES;
				CLANG_WARN_OBJC_ROOT_CLASS = YES_ERROR;
				CLANG_WARN__DUPLICATE_METHOD_MATCH = YES;
				"CODE_SIGN_IDENTITY[sdk=iphoneos*]" = "iPhone Developer";
				COPY_PHASE_STRIP = YES;
				ENABLE_NS_ASSERTIONS = NO;
				GCC_C_LANGUAGE_STANDARD = gnu99;
				GCC_WARN_64_TO_32_BIT_CONVERSION = YES;
				GCC_WARN_ABOUT_RETURN_TYPE = YES_ERROR;
				GCC_WARN_UNDECLARED_SELECTOR = YES;
				GCC_WARN_UNINITIALIZED_AUTOS = YES_AGGRESSIVE;
				GCC_WARN_UNUSED_FUNCTION = YES;
				GCC_WARN_UNUSED_VARIABLE = YES;
				IPHONEOS_DEPLOYMENT_TARGET = 7.1;
				SDKROOT = iphoneos;
				VALIDATE_PRODUCT = YES;
			};
			name = Release;
		};
		84C7F0BC1913387400813B08 /* Debug */ = {
			isa = XCBuildConfiguration;
			buildSettings = {
				ASSETCATALOG_COMPILER_APPICON_NAME = AppIcon;
				ASSETCATALOG_COMPILER_LAUNCHIMAGE_NAME = LaunchImage;
				GCC_PRECOMPILE_PREFIX_HEADER = YES;
				GCC_PREFIX_HEADER = "PorgressBar/PorgressBar-Prefix.pch";
				INFOPLIST_FILE = "PorgressBar/PorgressBar-Info.plist";
				PRODUCT_NAME = "$(TARGET_NAME)";
				WRAPPER_EXTENSION = app;
			};
			name = Debug;
		};
		84C7F0BD1913387400813B08 /* Release */ = {
			isa = XCBuildConfiguration;
			buildSettings = {
				ASSETCATALOG_COMPILER_APPICON_NAME = AppIcon;
				ASSETCATALOG_COMPILER_LAUNCHIMAGE_NAME = LaunchImage;
				GCC_PRECOMPILE_PREFIX_HEADER = YES;
				GCC_PREFIX_HEADER = "PorgressBar/PorgressBar-Prefix.pch";
				INFOPLIST_FILE = "PorgressBar/PorgressBar-Info.plist";
				PRODUCT_NAME = "$(TARGET_NAME)";
				WRAPPER_EXTENSION = app;
			};
			name = Release;
		};
		84C7F0BF1913387400813B08 /* Debug */ = {
			isa = XCBuildConfiguration;
			buildSettings = {
				BUNDLE_LOADER = "$(BUILT_PRODUCTS_DIR)/PorgressBar.app/PorgressBar";
				FRAMEWORK_SEARCH_PATHS = (
					"$(SDKROOT)/Developer/Library/Frameworks",
					"$(inherited)",
					"$(DEVELOPER_FRAMEWORKS_DIR)",
				);
				GCC_PRECOMPILE_PREFIX_HEADER = YES;
				GCC_PREFIX_HEADER = "PorgressBar/PorgressBar-Prefix.pch";
				GCC_PREPROCESSOR_DEFINITIONS = (
					"DEBUG=1",
					"$(inherited)",
				);
				INFOPLIST_FILE = "PorgressBarTests/PorgressBarTests-Info.plist";
				PRODUCT_NAME = "$(TARGET_NAME)";
				TEST_HOST = "$(BUNDLE_LOADER)";
				WRAPPER_EXTENSION = xctest;
			};
			name = Debug;
		};
		84C7F0C01913387400813B08 /* Release */ = {
			isa = XCBuildConfiguration;
			buildSettings = {
				BUNDLE_LOADER = "$(BUILT_PRODUCTS_DIR)/PorgressBar.app/PorgressBar";
				FRAMEWORK_SEARCH_PATHS = (
					"$(SDKROOT)/Developer/Library/Frameworks",
					"$(inherited)",
					"$(DEVELOPER_FRAMEWORKS_DIR)",
				);
				GCC_PRECOMPILE_PREFIX_HEADER = YES;
				GCC_PREFIX_HEADER = "PorgressBar/PorgressBar-Prefix.pch";
				INFOPLIST_FILE = "PorgressBarTests/PorgressBarTests-Info.plist";
				PRODUCT_NAME = "$(TARGET_NAME)";
				TEST_HOST = "$(BUNDLE_LOADER)";
				WRAPPER_EXTENSION = xctest;
			};
			name = Release;
		};
/* End XCBuildConfiguration section */

/* Begin XCConfigurationList section */
		84C7F0841913387400813B08 /* Build configuration list for PBXProject "PorgressBar" */ = {
			isa = XCConfigurationList;
			buildConfigurations = (
				84C7F0B91913387400813B08 /* Debug */,
				84C7F0BA1913387400813B08 /* Release */,
			);
			defaultConfigurationIsVisible = 0;
			defaultConfigurationName = Release;
		};
		84C7F0BB1913387400813B08 /* Build configuration list for PBXNativeTarget "PorgressBar" */ = {
			isa = XCConfigurationList;
			buildConfigurations = (
				84C7F0BC1913387400813B08 /* Debug */,
				84C7F0BD1913387400813B08 /* Release */,
			);
			defaultConfigurationIsVisible = 0;
		};
		84C7F0BE1913387400813B08 /* Build configuration list for PBXNativeTarget "PorgressBarTests" */ = {
			isa = XCConfigurationList;
			buildConfigurations = (
				84C7F0BF1913387400813B08 /* Debug */,
				84C7F0C01913387400813B08 /* Release */,
			);
			defaultConfigurationIsVisible = 0;
		};
/* End XCConfigurationList section */
	};
	rootObject = 84C7F0811913387400813B08 /* Project object */;
}
